# This file is automatically @generated by Cargo.
# It is not intended for manual editing.
version = 4

[[package]]
name = "p01_arrays_and_hashing"
version = "0.1.0"

[[package]]
name = "p02_two_pointers"
version = "0.1.0"

[[package]]
name = "p03_sliding_window"
version = "0.1.0"

[[package]]
name = "p04_stack"
version = "0.1.0"

[[package]]
name = "p05_binary_search"
version = "0.1.0"

[[package]]
name = "p06_linked_list"
version = "0.1.0"

[[package]]
name = "p07_trees"
version = "0.1.0"

[[package]]
name = "p08_heap_priority_queue"
version = "0.1.0"

[[package]]
name = "p09_backtracking"
version = "0.1.0"

[[package]]
name = "p10_tries"
version = "0.1.0"

[[package]]
name = "p11_graphs"
version = "0.1.0"

[[package]]
name = "p12_advanced_graphs"
version = "0.1.0"

[[package]]
name = "p13_dp_1d"
version = "0.1.0"

[[package]]
name = "p14_dp_2d"
version = "0.1.0"

[[package]]
name = "p15_greedy"
version = "0.1.0"

[[package]]
name = "p16_intervals"
version = "0.1.0"

[[package]]
name = "p17_math_geometry"
version = "0.1.0"

[[package]]
name = "p18_bit_manipulation"
version = "0.1.0"
